PODS:
  - Nimble (2.0.0-rc.3)
  - Quick (0.6.0)
  - ReactiveCocoa (4.0.2-alpha-1):
    - ReactiveCocoa/UI (= 4.0.2-alpha-1)
    - Result (~> 0.6-beta.1)
  - ReactiveCocoa/Core (4.0.2-alpha-1):
    - ReactiveCocoa/no-arc
    - Result (~> 0.6-beta.1)
  - ReactiveCocoa/no-arc (4.0.2-alpha-1):
    - Result (~> 0.6-beta.1)
  - ReactiveCocoa/UI (4.0.2-alpha-1):
    - ReactiveCocoa/Core
    - Result (~> 0.6-beta.1)
  - ReactiveCocoaApply (0.1.0):
    - ReactiveCocoa (~> 4.0.2-alpha-1)
  - Result (0.6-beta.1)

DEPENDENCIES:
  - Nimble (~> 2.0.0-rc.3)
  - Quick (~> 0.6.0)
  - ReactiveCocoaApply (from `../`)

EXTERNAL SOURCES:
  ReactiveCocoaApply:
    :path: ../

SPEC CHECKSUMS:
  Nimble: 9dff98ee195ffe7351d3b2fb01d3a1420fd97948
  Quick: 563686dbcf0ae0f9f7401ac9cd2d786ee1b7f3d7
  ReactiveCocoa: 652cf90e5de65708e7e2111f77405756da21aabe
  ReactiveCocoaApply: 49a71e12a394c662cd1d8a41e5e6fac731af2002
  Result: af24e3e57ab81005ec4221a53fd36dc1e7a52869

COCOAPODS: 0.38.0
